
Microsoft Visual Studio Solution File, Format Version 12.00
# Visual Studio 15
VisualStudioVersion = 15.0.28307.329
MinimumVisualStudioVersion = 10.0.40219.1
Project("{9A19103F-16F7-4668-BE54-9A1E7A4F7556}") = "dotnet-angular-oidc", "dotnet-angular-oidc.csproj", "{77A2920C-1034-43A4-A847-3E085F0A402C}"
EndProject
Global
	GlobalSection(SolutionConfigurationPlatforms) = preSolution
		Debug|Any CPU = Debug|Any CPU
		Release|Any CPU = Release|Any CPU
	EndGlobalSection
	GlobalSection(ProjectConfigurationPlatforms) = postSolution
		{77A2920C-1034-43A4-A847-3E085F0A402C}.Debug|Any CPU.ActiveCfg = Debug|Any CPU
		{77A2920C-1034-43A4-A847-3E085F0A402C}.Debug|Any CPU.Build.0 = Debug|Any CPU
		{77A2920C-1034-43A4-A847-3E085F0A402C}.Release|Any CPU.ActiveCfg = Release|Any CPU
		{77A2920C-1034-43A4-A847-3E085F0A402C}.Release|Any CPU.Build.0 = Release|Any CPU
	EndGlobalSection
	GlobalSection(SolutionProperties) = preSolution
		HideSolutionNode = FALSE
	EndGlobalSection
	GlobalSection(ExtensibilityGlobals) = postSolution
		SolutionGuid = {4B3170BA-8A8D-4239-B623-17116FE6EA02}
	EndGlobalSection
EndGlobal
